dependencies:
- name: rabbitmq
  repository: file://../rabbitmq
  version: 0.1.0
- name: mongo-auth
  repository: file://../mongo-auth
  version: 0.1.0
- name: mongo-task
  repository: file://../mongo-task
  version: 0.1.0
- name: mongo-notification
  repository: file://../mongo-notification
  version: 0.1.0
- name: api-gateway
  repository: file://../api-gateway
  version: 0.1.0
- name: auth-service
  repository: file://../auth-service
  version: 0.1.0
- name: task-service
  repository: file://../task-service
  version: 0.1.0
- name: notification-service
  repository: file://../notification-service
  version: 0.1.0
- name: mongo-analytics
  repository: file://../mongo-analytics
  version: 0.1.0
- name: analytics-service
  repository: file://../analytics-service
  version: 0.1.0
- name: kafka
  repository: file://../kafka
  version: 0.1.0
- name: redis
  repository: file://../redis
  version: 0.1.0
digest: sha256:38bdef717f7eb0e1b6d4f213063eaf5f4fe2f2c3232d5f740b8cfe3cea0f35db
generated: "2026-08-01T15:24:43.291427+05:30"
